
Microsoft Visual Studio Solution File, Format Version 12.00
# Visual Studio Version 17
VisualStudioVersion = 17.9.34728.123
MinimumVisualStudioVersion = 10.0.40219.1
Project("{9A19103F-16F7-4668-BE54-9A1E7A4F7556}") = "NoshNovel.API", "NoshNovel.API\NoshNovel.API.csproj", "{28645DA2-94DE-438D-A942-52B64BA0CACF}"
EndProject
Project("{9A19103F-16F7-4668-BE54-9A1E7A4F7556}") = "NoshNovel.Models", "NoshNovel.Models\NoshNovel.Models.csproj", "{AB32E46F-93C1-4A14-8EA6-E51932DB26F6}"
EndProject
Project("{9A19103F-16F7-4668-BE54-9A1E7A4F7556}") = "NoshNovel.Plugins", "NoshNovel.Plugins\NoshNovel.Plugins.csproj", "{1FA53209-75D7-4575-B264-2570F9988247}"
EndProject
Project("{9A19103F-16F7-4668-BE54-9A1E7A4F7556}") = "NoshNovel.Servers.TruyenFull", "NoshNovel.Servers.TruyenFull\NoshNovel.Servers.TruyenFull.csproj", "{B0FE803F-B59D-4EC9-8DA4-B90F9CC10034}"
EndProject
Project("{9A19103F-16F7-4668-BE54-9A1E7A4F7556}") = "NoshNovel.Factories", "NoshNovel.Factories\NoshNovel.Factories.csproj", "{963540B2-CBCA-489A-993F-B02938071D6C}"
EndProject
Project("{9A19103F-16F7-4668-BE54-9A1E7A4F7556}") = "NoshNovel.DownloadFormat.Epub", "NoshNovel.DownloadFormat.Epub\NoshNovel.DownloadFormat.Epub.csproj", "{7C1A1C45-5B1B-42A9-A82D-3A2268B200A3}"
EndProject
Project("{FAE04EC0-301F-11D3-BF4B-00C04F79EFBC}") = "NoshNovel.DownloadFormat.Pdf", "NoshNovel.DownloadFormat.Pdf\NoshNovel.DownloadFormat.Pdf.csproj", "{DDACCB0A-0B14-45BA-A306-F3226850D89E}"
EndProject
Global
	GlobalSection(SolutionConfigurationPlatforms) = preSolution
		Debug|Any CPU = Debug|Any CPU
		Release|Any CPU = Release|Any CPU
	EndGlobalSection
	GlobalSection(ProjectConfigurationPlatforms) = postSolution
		{28645DA2-94DE-438D-A942-52B64BA0CACF}.Debug|Any CPU.ActiveCfg = Debug|Any CPU
		{28645DA2-94DE-438D-A942-52B64BA0CACF}.Debug|Any CPU.Build.0 = Debug|Any CPU
		{28645DA2-94DE-438D-A942-52B64BA0CACF}.Release|Any CPU.ActiveCfg = Release|Any CPU
		{28645DA2-94DE-438D-A942-52B64BA0CACF}.Release|Any CPU.Build.0 = Release|Any CPU
		{AB32E46F-93C1-4A14-8EA6-E51932DB26F6}.Debug|Any CPU.ActiveCfg = Debug|Any CPU
		{AB32E46F-93C1-4A14-8EA6-E51932DB26F6}.Debug|Any CPU.Build.0 = Debug|Any CPU
		{AB32E46F-93C1-4A14-8EA6-E51932DB26F6}.Release|Any CPU.ActiveCfg = Release|Any CPU
		{AB32E46F-93C1-4A14-8EA6-E51932DB26F6}.Release|Any CPU.Build.0 = Release|Any CPU
		{1FA53209-75D7-4575-B264-2570F9988247}.Debug|Any CPU.ActiveCfg = Debug|Any CPU
		{1FA53209-75D7-4575-B264-2570F9988247}.Debug|Any CPU.Build.0 = Debug|Any CPU
		{1FA53209-75D7-4575-B264-2570F9988247}.Release|Any CPU.ActiveCfg = Release|Any CPU
		{1FA53209-75D7-4575-B264-2570F9988247}.Release|Any CPU.Build.0 = Release|Any CPU
		{B0FE803F-B59D-4EC9-8DA4-B90F9CC10034}.Debug|Any CPU.ActiveCfg = Debug|Any CPU
		{B0FE803F-B59D-4EC9-8DA4-B90F9CC10034}.Debug|Any CPU.Build.0 = Debug|Any CPU
		{B0FE803F-B59D-4EC9-8DA4-B90F9CC10034}.Release|Any CPU.ActiveCfg = Release|Any CPU
		{B0FE803F-B59D-4EC9-8DA4-B90F9CC10034}.Release|Any CPU.Build.0 = Release|Any CPU
		{963540B2-CBCA-489A-993F-B02938071D6C}.Debug|Any CPU.ActiveCfg = Debug|Any CPU
		{963540B2-CBCA-489A-993F-B02938071D6C}.Debug|Any CPU.Build.0 = Debug|Any CPU
		{963540B2-CBCA-489A-993F-B02938071D6C}.Release|Any CPU.ActiveCfg = Release|Any CPU
		{963540B2-CBCA-489A-993F-B02938071D6C}.Release|Any CPU.Build.0 = Release|Any CPU
		{7C1A1C45-5B1B-42A9-A82D-3A2268B200A3}.Debug|Any CPU.ActiveCfg = Debug|Any CPU
		{7C1A1C45-5B1B-42A9-A82D-3A2268B200A3}.Debug|Any CPU.Build.0 = Debug|Any CPU
		{7C1A1C45-5B1B-42A9-A82D-3A2268B200A3}.Release|Any CPU.ActiveCfg = Release|Any CPU
		{7C1A1C45-5B1B-42A9-A82D-3A2268B200A3}.Release|Any CPU.Build.0 = Release|Any CPU
		{DDACCB0A-0B14-45BA-A306-F3226850D89E}.Debug|Any CPU.ActiveCfg = Debug|Any CPU
		{DDACCB0A-0B14-45BA-A306-F3226850D89E}.Debug|Any CPU.Build.0 = Debug|Any CPU
		{DDACCB0A-0B14-45BA-A306-F3226850D89E}.Release|Any CPU.ActiveCfg = Release|Any CPU
		{DDACCB0A-0B14-45BA-A306-F3226850D89E}.Release|Any CPU.Build.0 = Release|Any CPU
	EndGlobalSection
	GlobalSection(SolutionProperties) = preSolution
		HideSolutionNode = FALSE
	EndGlobalSection
	GlobalSection(ExtensibilityGlobals) = postSolution
		SolutionGuid = {F2030769-0C25-48F1-AA46-32F2C335E7F2}
	EndGlobalSection
EndGlobal
