
Microsoft Visual Studio Solution File, Format Version 12.00
# Visual Studio Version 17
VisualStudioVersion = 17.9.34728.123
MinimumVisualStudioVersion = 10.0.40219.1
Project("{9A19103F-16F7-4668-BE54-9A1E7A4F7556}") = "NoshNovel.API", "NoshNovel.API\NoshNovel.API.csproj", "{28645DA2-94DE-438D-A942-52B64BA0CACF}"
EndProject
Project("{9A19103F-16F7-4668-BE54-9A1E7A4F7556}") = "NoshNovel.Models", "NoshNovel.Models\NoshNovel.Models.csproj", "{AB32E46F-93C1-4A14-8EA6-E51932DB26F6}"
EndProject
Project("{9A19103F-16F7-4668-BE54-9A1E7A4F7556}") = "NoshNovel.Plugin.Strategies", "NoshNovel.Plugin.Strategies\NoshNovel.Plugin.Strategies.csproj", "{E772E670-61B5-41B7-AE39-60A12B434E34}"
EndProject
Project("{9A19103F-16F7-4668-BE54-9A1E7A4F7556}") = "NoshNovel.Plugin.Contexts", "NoshNovel.Plugin.Contexts\NoshNovel.Plugin.Contexts.csproj", "{7518D052-C775-4173-BF8F-6ABDB66F256A}"
EndProject
Project("{9A19103F-16F7-4668-BE54-9A1E7A4F7556}") = "NoshNovel.Crawler.TangThuVienStrategy", "NoshNovel.Crawler.TangThuVienStrategy\NoshNovel.Crawler.TangThuVienStrategy.csproj", "{6A6CAA7E-F7CA-4B62-8867-CD523FDC8874}"
EndProject
Project("{9A19103F-16F7-4668-BE54-9A1E7A4F7556}") = "NoshNovel.Crawler.TruyenChuStrategy", "NoshNovel.Crawler.TruyenChuStrategy\NoshNovel.Crawler.TruyenChuStrategy.csproj", "{EC82C773-7E77-41C1-BA6F-E6F4BAAC8CA3}"
EndProject
Project("{9A19103F-16F7-4668-BE54-9A1E7A4F7556}") = "NoshNovel.Crawler.TruyenFullStrategy", "NoshNovel.Crawler.TruyenFullStrategy\NoshNovel.Crawler.TruyenFullStrategy.csproj", "{62499158-EA04-44DA-B848-F2BCEE713260}"
EndProject
Project("{9A19103F-16F7-4668-BE54-9A1E7A4F7556}") = "NoshNovel.Downloader.EpubStrategy", "NoshNovel.Downloader.EpubStrategy\NoshNovel.Downloader.EpubStrategy.csproj", "{0E80A79B-1CC1-4769-92D3-94DEE4693DBA}"
EndProject
Project("{9A19103F-16F7-4668-BE54-9A1E7A4F7556}") = "NoshNovel.Downloader.PdfStrategy", "NoshNovel.Downloader.PdfStrategy\NoshNovel.Downloader.PdfStrategy.csproj", "{7EE9B3A6-46D8-49E9-BCBD-3953AE090B1E}"
EndProject
Project("{9A19103F-16F7-4668-BE54-9A1E7A4F7556}") = "NoshNovel.Downloader.TxtStrategy", "NoshNovel.Downloader.TxtStrategy\NoshNovel.Downloader.TxtStrategy.csproj", "{C7521294-C2CB-4A8E-BC79-89C77C25B46C}"
EndProject
Project("{9A19103F-16F7-4668-BE54-9A1E7A4F7556}") = "NoshNovel.Crawler.SanTruyenStrategy", "NoshNovel.Crawler.SanTruyenStrategy\NoshNovel.Crawler.SanTruyenStrategy.csproj", "{3DC32ECE-E417-4B22-B8E0-67CBCF82A39D}"
EndProject
Project("{FAE04EC0-301F-11D3-BF4B-00C04F79EFBC}") = "NoshNovel.Tests", "NoshNovel.Tests\NoshNovel.Tests.csproj", "{5D567826-414D-4C7A-9F55-4BE28020F99C}"
EndProject
Global
	GlobalSection(SolutionConfigurationPlatforms) = preSolution
		Debug|Any CPU = Debug|Any CPU
		Release|Any CPU = Release|Any CPU
	EndGlobalSection
	GlobalSection(ProjectConfigurationPlatforms) = postSolution
		{28645DA2-94DE-438D-A942-52B64BA0CACF}.Debug|Any CPU.ActiveCfg = Debug|Any CPU
		{28645DA2-94DE-438D-A942-52B64BA0CACF}.Debug|Any CPU.Build.0 = Debug|Any CPU
		{28645DA2-94DE-438D-A942-52B64BA0CACF}.Release|Any CPU.ActiveCfg = Release|Any CPU
		{28645DA2-94DE-438D-A942-52B64BA0CACF}.Release|Any CPU.Build.0 = Release|Any CPU
		{AB32E46F-93C1-4A14-8EA6-E51932DB26F6}.Debug|Any CPU.ActiveCfg = Debug|Any CPU
		{AB32E46F-93C1-4A14-8EA6-E51932DB26F6}.Debug|Any CPU.Build.0 = Debug|Any CPU
		{AB32E46F-93C1-4A14-8EA6-E51932DB26F6}.Release|Any CPU.ActiveCfg = Release|Any CPU
		{AB32E46F-93C1-4A14-8EA6-E51932DB26F6}.Release|Any CPU.Build.0 = Release|Any CPU
		{E772E670-61B5-41B7-AE39-60A12B434E34}.Debug|Any CPU.ActiveCfg = Debug|Any CPU
		{E772E670-61B5-41B7-AE39-60A12B434E34}.Debug|Any CPU.Build.0 = Debug|Any CPU
		{E772E670-61B5-41B7-AE39-60A12B434E34}.Release|Any CPU.ActiveCfg = Release|Any CPU
		{E772E670-61B5-41B7-AE39-60A12B434E34}.Release|Any CPU.Build.0 = Release|Any CPU
		{7518D052-C775-4173-BF8F-6ABDB66F256A}.Debug|Any CPU.ActiveCfg = Debug|Any CPU
		{7518D052-C775-4173-BF8F-6ABDB66F256A}.Debug|Any CPU.Build.0 = Debug|Any CPU
		{7518D052-C775-4173-BF8F-6ABDB66F256A}.Release|Any CPU.ActiveCfg = Release|Any CPU
		{7518D052-C775-4173-BF8F-6ABDB66F256A}.Release|Any CPU.Build.0 = Release|Any CPU
		{6A6CAA7E-F7CA-4B62-8867-CD523FDC8874}.Debug|Any CPU.ActiveCfg = Debug|Any CPU
		{6A6CAA7E-F7CA-4B62-8867-CD523FDC8874}.Debug|Any CPU.Build.0 = Debug|Any CPU
		{6A6CAA7E-F7CA-4B62-8867-CD523FDC8874}.Release|Any CPU.ActiveCfg = Release|Any CPU
		{6A6CAA7E-F7CA-4B62-8867-CD523FDC8874}.Release|Any CPU.Build.0 = Release|Any CPU
		{EC82C773-7E77-41C1-BA6F-E6F4BAAC8CA3}.Debug|Any CPU.ActiveCfg = Debug|Any CPU
		{EC82C773-7E77-41C1-BA6F-E6F4BAAC8CA3}.Debug|Any CPU.Build.0 = Debug|Any CPU
		{EC82C773-7E77-41C1-BA6F-E6F4BAAC8CA3}.Release|Any CPU.ActiveCfg = Release|Any CPU
		{EC82C773-7E77-41C1-BA6F-E6F4BAAC8CA3}.Release|Any CPU.Build.0 = Release|Any CPU
		{62499158-EA04-44DA-B848-F2BCEE713260}.Debug|Any CPU.ActiveCfg = Debug|Any CPU
		{62499158-EA04-44DA-B848-F2BCEE713260}.Debug|Any CPU.Build.0 = Debug|Any CPU
		{62499158-EA04-44DA-B848-F2BCEE713260}.Release|Any CPU.ActiveCfg = Release|Any CPU
		{62499158-EA04-44DA-B848-F2BCEE713260}.Release|Any CPU.Build.0 = Release|Any CPU
		{0E80A79B-1CC1-4769-92D3-94DEE4693DBA}.Debug|Any CPU.ActiveCfg = Debug|Any CPU
		{0E80A79B-1CC1-4769-92D3-94DEE4693DBA}.Debug|Any CPU.Build.0 = Debug|Any CPU
		{0E80A79B-1CC1-4769-92D3-94DEE4693DBA}.Release|Any CPU.ActiveCfg = Release|Any CPU
		{0E80A79B-1CC1-4769-92D3-94DEE4693DBA}.Release|Any CPU.Build.0 = Release|Any CPU
		{7EE9B3A6-46D8-49E9-BCBD-3953AE090B1E}.Debug|Any CPU.ActiveCfg = Debug|Any CPU
		{7EE9B3A6-46D8-49E9-BCBD-3953AE090B1E}.Debug|Any CPU.Build.0 = Debug|Any CPU
		{7EE9B3A6-46D8-49E9-BCBD-3953AE090B1E}.Release|Any CPU.ActiveCfg = Release|Any CPU
		{7EE9B3A6-46D8-49E9-BCBD-3953AE090B1E}.Release|Any CPU.Build.0 = Release|Any CPU
		{C7521294-C2CB-4A8E-BC79-89C77C25B46C}.Debug|Any CPU.ActiveCfg = Debug|Any CPU
		{C7521294-C2CB-4A8E-BC79-89C77C25B46C}.Debug|Any CPU.Build.0 = Debug|Any CPU
		{C7521294-C2CB-4A8E-BC79-89C77C25B46C}.Release|Any CPU.ActiveCfg = Release|Any CPU
		{C7521294-C2CB-4A8E-BC79-89C77C25B46C}.Release|Any CPU.Build.0 = Release|Any CPU
		{3DC32ECE-E417-4B22-B8E0-67CBCF82A39D}.Debug|Any CPU.ActiveCfg = Debug|Any CPU
		{3DC32ECE-E417-4B22-B8E0-67CBCF82A39D}.Debug|Any CPU.Build.0 = Debug|Any CPU
		{3DC32ECE-E417-4B22-B8E0-67CBCF82A39D}.Release|Any CPU.ActiveCfg = Release|Any CPU
		{3DC32ECE-E417-4B22-B8E0-67CBCF82A39D}.Release|Any CPU.Build.0 = Release|Any CPU
		{5D567826-414D-4C7A-9F55-4BE28020F99C}.Debug|Any CPU.ActiveCfg = Debug|Any CPU
		{5D567826-414D-4C7A-9F55-4BE28020F99C}.Debug|Any CPU.Build.0 = Debug|Any CPU
		{5D567826-414D-4C7A-9F55-4BE28020F99C}.Release|Any CPU.ActiveCfg = Release|Any CPU
		{5D567826-414D-4C7A-9F55-4BE28020F99C}.Release|Any CPU.Build.0 = Release|Any CPU
	EndGlobalSection
	GlobalSection(SolutionProperties) = preSolution
		HideSolutionNode = FALSE
	EndGlobalSection
	GlobalSection(ExtensibilityGlobals) = postSolution
		SolutionGuid = {F2030769-0C25-48F1-AA46-32F2C335E7F2}
	EndGlobalSection
EndGlobal
